
Microsoft Visual Studio Solution File, Format Version 12.00
# Visual Studio Version 16
VisualStudioVersion = 16.0.31729.503
MinimumVisualStudioVersion = 10.0.40219.1
Project("{FAE04EC0-301F-11D3-BF4B-00C04F79EFBC}") = "LoginAPIUk", "LoginAPIUk\LoginAPIUk.csproj", "{2F37CAC7-6B01-4E80-B2BC-F15A0DED56B5}"
EndProject
Global
	GlobalSection(SolutionConfigurationPlatforms) = preSolution
		Debug|Any CPU = Debug|Any CPU
		Release|Any CPU = Release|Any CPU
	EndGlobalSection
	GlobalSection(ProjectConfigurationPlatforms) = postSolution
		{2F37CAC7-6B01-4E80-B2BC-F15A0DED56B5}.Debug|Any CPU.ActiveCfg = Debug|Any CPU
		{2F37CAC7-6B01-4E80-B2BC-F15A0DED56B5}.Debug|Any CPU.Build.0 = Debug|Any CPU
		{2F37CAC7-6B01-4E80-B2BC-F15A0DED56B5}.Release|Any CPU.ActiveCfg = Release|Any CPU
		{2F37CAC7-6B01-4E80-B2BC-F15A0DED56B5}.Release|Any CPU.Build.0 = Release|Any CPU
	EndGlobalSection
	GlobalSection(SolutionProperties) = preSolution
		HideSolutionNode = FALSE
	EndGlobalSection
	GlobalSection(ExtensibilityGlobals) = postSolution
		SolutionGuid = {66F0B383-5519-4911-ABA8-8F6E6A25E592}
	EndGlobalSection
EndGlobal
